
Microsoft Visual Studio Solution File, Format Version 12.00
# Visual Studio Version 17
VisualStudioVersion = 17.11.35222.181
MinimumVisualStudioVersion = 10.0.40219.1
Project("{FAE04EC0-301F-11D3-BF4B-00C04F79EFBC}") = "wfaAudioPlayer", "wfaAudioPlayer\wfaAudioPlayer.csproj", "{C3F2FCB8-70BD-439B-A723-4EBA2AB60B1D}"
EndProject
Project("{9A19103F-16F7-4668-BE54-9A1E7A4F7556}") = "AudioPlayerLibrary", "..\wpfAudioPlayer\AudioPlayerLibrary\AudioPlayerLibrary.csproj", "{215600E3-EA33-4717-9712-9A33938286DC}"
EndProject
Global
	GlobalSection(SolutionConfigurationPlatforms) = preSolution
		Debug|Any CPU = Debug|Any CPU
		Release|Any CPU = Release|Any CPU
	EndGlobalSection
	GlobalSection(ProjectConfigurationPlatforms) = postSolution
		{C3F2FCB8-70BD-439B-A723-4EBA2AB60B1D}.Debug|Any CPU.ActiveCfg = Debug|Any CPU
		{C3F2FCB8-70BD-439B-A723-4EBA2AB60B1D}.Debug|Any CPU.Build.0 = Debug|Any CPU
		{C3F2FCB8-70BD-439B-A723-4EBA2AB60B1D}.Release|Any CPU.ActiveCfg = Release|Any CPU
		{C3F2FCB8-70BD-439B-A723-4EBA2AB60B1D}.Release|Any CPU.Build.0 = Release|Any CPU
		{215600E3-EA33-4717-9712-9A33938286DC}.Debug|Any CPU.ActiveCfg = Debug|Any CPU
		{215600E3-EA33-4717-9712-9A33938286DC}.Debug|Any CPU.Build.0 = Debug|Any CPU
		{215600E3-EA33-4717-9712-9A33938286DC}.Release|Any CPU.ActiveCfg = Release|Any CPU
		{215600E3-EA33-4717-9712-9A33938286DC}.Release|Any CPU.Build.0 = Release|Any CPU
	EndGlobalSection
	GlobalSection(SolutionProperties) = preSolution
		HideSolutionNode = FALSE
	EndGlobalSection
	GlobalSection(ExtensibilityGlobals) = postSolution
		SolutionGuid = {EB34008C-6425-4FD9-B6A6-E10E4554E74C}
	EndGlobalSection
EndGlobal
